
Microsoft Visual Studio Solution File, Format Version 12.00
# Visual Studio Version 16
VisualStudioVersion = 16.0.29920.165
MinimumVisualStudioVersion = 10.0.40219.1
Project("{FAE04EC0-301F-11D3-BF4B-00C04F79EFBC}") = "Todos", "Todos.csproj", "{0723447F-22CE-41DC-A432-7E2BC2E5C945}"
EndProject
Global
	GlobalSection(SolutionConfigurationPlatforms) = preSolution
		Debug|Any CPU = Debug|Any CPU
		Release|Any CPU = Release|Any CPU
	EndGlobalSection
	GlobalSection(ProjectConfigurationPlatforms) = postSolution
		{0723447F-22CE-41DC-A432-7E2BC2E5C945}.Debug|Any CPU.ActiveCfg = Debug|Any CPU
		{0723447F-22CE-41DC-A432-7E2BC2E5C945}.Debug|Any CPU.Build.0 = Debug|Any CPU
		{0723447F-22CE-41DC-A432-7E2BC2E5C945}.Release|Any CPU.ActiveCfg = Release|Any CPU
		{0723447F-22CE-41DC-A432-7E2BC2E5C945}.Release|Any CPU.Build.0 = Release|Any CPU
	EndGlobalSection
	GlobalSection(SolutionProperties) = preSolution
		HideSolutionNode = FALSE
	EndGlobalSection
	GlobalSection(ExtensibilityGlobals) = postSolution
		SolutionGuid = {130F38FD-FEB9-4C1C-9723-CDFE1F318DD9}
	EndGlobalSection
EndGlobal
